
Microsoft Visual Studio Solution File, Format Version 12.00
# Visual Studio Version 17
VisualStudioVersion = 17.10.35013.160
MinimumVisualStudioVersion = 10.0.40219.1
Project("{9A19103F-16F7-4668-BE54-9A1E7A4F7556}") = "Fischless.Relauncher", "Fischless.Relauncher\Fischless.Relauncher.csproj", "{C2581EA6-B323-48A2-BAD8-AEBF58FCA436}"
EndProject
Global
	GlobalSection(SolutionConfigurationPlatforms) = preSolution
		Debug|x64 = Debug|x64
		Release|x64 = Release|x64
	EndGlobalSection
	GlobalSection(ProjectConfigurationPlatforms) = postSolution
		{C2581EA6-B323-48A2-BAD8-AEBF58FCA436}.Debug|x64.ActiveCfg = Debug|x64
		{C2581EA6-B323-48A2-BAD8-AEBF58FCA436}.Debug|x64.Build.0 = Debug|x64
		{C2581EA6-B323-48A2-BAD8-AEBF58FCA436}.Release|x64.ActiveCfg = Release|x64
	EndGlobalSection
	GlobalSection(SolutionProperties) = preSolution
		HideSolutionNode = FALSE
	EndGlobalSection
	GlobalSection(ExtensibilityGlobals) = postSolution
		SolutionGuid = {89BCAC99-7C2F-462C-BAB3-3C60C29AB837}
	EndGlobalSection
EndGlobal
